// !$*UTF8*$!
{
	archiveVersion = 1;
	classes = {
	};
	objectVersion = 50;
	objects = {

/* Begin PBXBuildFile section */
		EB497C4B25A6E26F0091CE89 /* Tests_iOS.swift in Sources */ = {isa = PBXBuildFile; fileRef = EB497C4A25A6E26F0091CE89 /* Tests_iOS.swift */; };
		EB497C5625A6E26F0091CE89 /* Tests_macOS.swift in Sources */ = {isa = PBXBuildFile; fileRef = EB497C5525A6E26F0091CE89 /* Tests_macOS.swift */; };
		EB497C5825A6E26F0091CE89 /* DotsApp.swift in Sources */ = {isa = PBXBuildFile; fileRef = EB497C2F25A6E26F0091CE89 /* DotsApp.swift */; };
		EB497C5925A6E26F0091CE89 /* DotsApp.swift in Sources */ = {isa = PBXBuildFile; fileRef = EB497C2F25A6E26F0091CE89 /* DotsApp.swift */; };
		EB497C5A25A6E26F0091CE89 /* ContentView.swift in Sources */ = {isa = PBXBuildFile; fileRef = EB497C3025A6E26F0091CE89 /* ContentView.swift */; };
		EB497C5B25A6E26F0091CE89 /* ContentView.swift in Sources */ = {isa = PBXBuildFile; fileRef = EB497C3025A6E26F0091CE89 /* ContentView.swift */; };
		EB497C5C25A6E26F0091CE89 /* Assets.xcassets in Resources */ = {isa = PBXBuildFile; fileRef = EB497C3125A6E26F0091CE89 /* Assets.xcassets */; };
		EB497C5D25A6E26F0091CE89 /* Assets.xcassets in Resources */ = {isa = PBXBuildFile; fileRef = EB497C3125A6E26F0091CE89 /* Assets.xcassets */; };
		EBB433B425A8EC630047C940 /* SingleReceipt.swift in Sources */ = {isa = PBXBuildFile; fileRef = EBB433B325A8EC630047C940 /* SingleReceipt.swift */; };
		EBB433B525A8EC630047C940 /* SingleReceipt.swift in Sources */ = {isa = PBXBuildFile; fileRef = EBB433B325A8EC630047C940 /* SingleReceipt.swift */; };
		EBE28D7B25A7BFCC00B893C3 /* DotView.swift in Sources */ = {isa = PBXBuildFile; fileRef = EBE28D7A25A7BFCC00B893C3 /* DotView.swift */; };
		EBE28D7C25A7BFCC00B893C3 /* DotView.swift in Sources */ = {isa = PBXBuildFile; fileRef = EBE28D7A25A7BFCC00B893C3 /* DotView.swift */; };
		EBE28D8625A84A6500B893C3 /* SingleReceiptView.swift in Sources */ = {isa = PBXBuildFile; fileRef = EBE28D8525A84A6500B893C3 /* SingleReceiptView.swift */; };
		EBE28D8725A84A6500B893C3 /* SingleReceiptView.swift in Sources */ = {isa = PBXBuildFile; fileRef = EBE28D8525A84A6500B893C3 /* SingleReceiptView.swift */; };
/* End PBXBuildFile section */

/* Begin PBXContainerItemProxy section */
		EB497C4725A6E26F0091CE89 /* PBXContainerItemProxy */ = {
			isa = PBXContainerItemProxy;
			containerPortal = EB497C2A25A6E26E0091CE89 /* Project object */;
			proxyType = 1;
			remoteGlobalIDString = EB497C3525A6E26F0091CE89;
			remoteInfo = "Dots (iOS)";
		};
		EB497C5225A6E26F0091CE89 /* PBXContainerItemProxy */ = {
			isa = PBXContainerItemProxy;
			containerPortal = EB497C2A25A6E26E0091CE89 /* Project object */;
			proxyType = 1;
			remoteGlobalIDString = EB497C3D25A6E26F0091CE89;
			remoteInfo = "Dots (macOS)";
		};
/* End PBXContainerItemProxy section */

/* Begin PBXFileReference section */
		EB497C2F25A6E26F0091CE89 /* DotsApp.swift */ = {isa = PBXFileReference; lastKnownFileType = sourcecode.swift; path = DotsApp.swift; sourceTree = "<group>"; };
		EB497C3025A6E26F0091CE89 /* ContentView.swift */ = {isa = PBXFileReference; lastKnownFileType = sourcecode.swift; path = ContentView.swift; sourceTree = "<group>"; };
		EB497C3125A6E26F0091CE89 /* Assets.xcassets */ = {isa = PBXFileReference; lastKnownFileType = folder.assetcatalog; path = Assets.xcassets; sourceTree = "<group>"; };
		EB497C3625A6E26F0091CE89 /* Dots.app */ = {isa = PBXFileReference; explicitFileType = wrapper.application; includeInIndex = 0; path = Dots.app; sourceTree = BUILT_PRODUCTS_DIR; };
		EB497C3925A6E26F0091CE89 /* Info.plist */ = {isa = PBXFileReference; lastKnownFileType = text.plist.xml; path = Info.plist; sourceTree = "<group>"; };
		EB497C3E25A6E26F0091CE89 /* Dots.app */ = {isa = PBXFileReference; explicitFileType = wrapper.application; includeInIndex = 0; path = Dots.app; sourceTree = BUILT_PRODUCTS_DIR; };
		EB497C4025A6E26F0091CE89 /* Info.plist */ = {isa = PBXFileReference; lastKnownFileType = text.plist.xml; path = Info.plist; sourceTree = "<group>"; };
		EB497C4125A6E26F0091CE89 /* macOS.entitlements */ = {isa = PBXFileReference; lastKnownFileType = text.plist.entitlements; path = macOS.entitlements; sourceTree = "<group>"; };
		EB497C4625A6E26F0091CE89 /* Tests iOS.xctest */ = {isa = PBXFileReference; explicitFileType = wrapper.cfbundle; includeInIndex = 0; path = "Tests iOS.xctest"; sourceTree = BUILT_PRODUCTS_DIR; };
		EB497C4A25A6E26F0091CE89 /* Tests_iOS.swift */ = {isa = PBXFileReference; lastKnownFileType = sourcecode.swift; path = Tests_iOS.swift; sourceTree = "<group>"; };
		EB497C4C25A6E26F0091CE89 /* Info.plist */ = {isa = PBXFileReference; lastKnownFileType = text.plist.xml; path = Info.plist; sourceTree = "<group>"; };
		EB497C5125A6E26F0091CE89 /* Tests macOS.xctest */ = {isa = PBXFileReference; explicitFileType = wrapper.cfbundle; includeInIndex = 0; path = "Tests macOS.xctest"; sourceTree = BUILT_PRODUCTS_DIR; };
		EB497C5525A6E26F0091CE89 /* Tests_macOS.swift */ = {isa = PBXFileReference; lastKnownFileType = sourcecode.swift; path = Tests_macOS.swift; sourceTree = "<group>"; };
		EB497C5725A6E26F0091CE89 /* Info.plist */ = {isa = PBXFileReference; lastKnownFileType = text.plist.xml; path = Info.plist; sourceTree = "<group>"; };
		EBB433B325A8EC630047C940 /* SingleReceipt.swift */ = {isa = PBXFileReference; lastKnownFileType = sourcecode.swift; path = SingleReceipt.swift; sourceTree = "<group>"; };
		EBE28D7A25A7BFCC00B893C3 /* DotView.swift */ = {isa = PBXFileReference; lastKnownFileType = sourcecode.swift; path = DotView.swift; sourceTree = "<group>"; };
		EBE28D8525A84A6500B893C3 /* SingleReceiptView.swift */ = {isa = PBXFileReference; lastKnownFileType = sourcecode.swift; path = SingleReceiptView.swift; sourceTree = "<group>"; };
/* End PBXFileReference section */

/* Begin PBXFrameworksBuildPhase section */
		EB497C3325A6E26F0091CE89 /* Frameworks */ = {
			isa = PBXFrameworksBuildPhase;
			buildActionMask = 2147483647;
			files = (
			);
			runOnlyForDeploymentPostprocessing = 0;
		};
		EB497C3B25A6E26F0091CE89 /* Frameworks */ = {
			isa = PBXFrameworksBuildPhase;
			buildActionMask = 2147483647;
			files = (
			);
			runOnlyForDeploymentPostprocessing = 0;
		};
		EB497C4325A6E26F0091CE89 /* Frameworks */ = {
			isa = PBXFrameworksBuildPhase;
			buildActionMask = 2147483647;
			files = (
			);
			runOnlyForDeploymentPostprocessing = 0;
		};
		EB497C4E25A6E26F0091CE89 /* Frameworks */ = {
			isa = PBXFrameworksBuildPhase;
			buildActionMask = 2147483647;
			files = (
			);
			runOnlyForDeploymentPostprocessing = 0;
		};
/* End PBXFrameworksBuildPhase section */

/* Begin PBXGroup section */
		EB497C2925A6E26E0091CE89 = {
			isa = PBXGroup;
			children = (
				EB497C2E25A6E26F0091CE89 /* Shared */,
				EB497C3825A6E26F0091CE89 /* iOS */,
				EB497C3F25A6E26F0091CE89 /* macOS */,
				EB497C4925A6E26F0091CE89 /* Tests iOS */,
				EB497C5425A6E26F0091CE89 /* Tests macOS */,
				EB497C3725A6E26F0091CE89 /* Products */,
			);
			sourceTree = "<group>";
		};
		EB497C2E25A6E26F0091CE89 /* Shared */ = {
			isa = PBXGroup;
			children = (
				EB497C2F25A6E26F0091CE89 /* DotsApp.swift */,
				EB497C3025A6E26F0091CE89 /* ContentView.swift */,
				EBE28D7A25A7BFCC00B893C3 /* DotView.swift */,
				EB497C3125A6E26F0091CE89 /* Assets.xcassets */,
				EBB433B325A8EC630047C940 /* SingleReceipt.swift */,
				EBE28D8525A84A6500B893C3 /* SingleReceiptView.swift */,
			);
			path = Shared;
			sourceTree = "<group>";
		};
		EB497C3725A6E26F0091CE89 /* Products */ = {
			isa = PBXGroup;
			children = (
				EB497C3625A6E26F0091CE89 /* Dots.app */,
				EB497C3E25A6E26F0091CE89 /* Dots.app */,
				EB497C4625A6E26F0091CE89 /* Tests iOS.xctest */,
				EB497C5125A6E26F0091CE89 /* Tests macOS.xctest */,
			);
			name = Products;
			sourceTree = "<group>";
		};
		EB497C3825A6E26F0091CE89 /* iOS */ = {
			isa = PBXGroup;
			children = (
				EB497C3925A6E26F0091CE89 /* Info.plist */,
			);
			path = iOS;
			sourceTree = "<group>";
		};
		EB497C3F25A6E26F0091CE89 /* macOS */ = {
			isa = PBXGroup;
			children = (
				EB497C4025A6E26F0091CE89 /* Info.plist */,
				EB497C4125A6E26F0091CE89 /* macOS.entitlements */,
			);
			path = macOS;
			sourceTree = "<group>";
		};
		EB497C4925A6E26F0091CE89 /* Tests iOS */ = {
			isa = PBXGroup;
			children = (
				EB497C4A25A6E26F0091CE89 /* Tests_iOS.swift */,
				EB497C4C25A6E26F0091CE89 /* Info.plist */,
			);
			path = "Tests iOS";
			sourceTree = "<group>";
		};
		EB497C5425A6E26F0091CE89 /* Tests macOS */ = {
			isa = PBXGroup;
			children = (
				EB497C5525A6E26F0091CE89 /* Tests_macOS.swift */,
				EB497C5725A6E26F0091CE89 /* Info.plist */,
			);
			path = "Tests macOS";
			sourceTree = "<group>";
		};
/* End PBXGroup section */

/* Begin PBXNativeTarget section */
		EB497C3525A6E26F0091CE89 /* Dots (iOS) */ = {
			isa = PBXNativeTarget;
			buildConfigurationList = EB497C6025A6E26F0091CE89 /* Build configuration list for PBXNativeTarget "Dots (iOS)" */;
			buildPhases = (
				EB497C3225A6E26F0091CE89 /* Sources */,
				EB497C3325A6E26F0091CE89 /* Frameworks */,
				EB497C3425A6E26F0091CE89 /* Resources */,
			);
			buildRules = (
			);
			dependencies = (
			);
			name = "Dots (iOS)";
			productName = "Dots (iOS)";
			productReference = EB497C3625A6E26F0091CE89 /* Dots.app */;
			productType = "com.apple.product-type.application";
		};
		EB497C3D25A6E26F0091CE89 /* Dots (macOS) */ = {
			isa = PBXNativeTarget;
			buildConfigurationList = EB497C6325A6E26F0091CE89 /* Build configuration list for PBXNativeTarget "Dots (macOS)" */;
			buildPhases = (
				EB497C3A25A6E26F0091CE89 /* Sources */,
				EB497C3B25A6E26F0091CE89 /* Frameworks */,
				EB497C3C25A6E26F0091CE89 /* Resources */,
			);
			buildRules = (
			);
			dependencies = (
			);
			name = "Dots (macOS)";
			productName = "Dots (macOS)";
			productReference = EB497C3E25A6E26F0091CE89 /* Dots.app */;
			productType = "com.apple.product-type.application";
		};
		EB497C4525A6E26F0091CE89 /* Tests iOS */ = {
			isa = PBXNativeTarget;
			buildConfigurationList = EB497C6625A6E26F0091CE89 /* Build configuration list for PBXNativeTarget "Tests iOS" */;
			buildPhases = (
				EB497C4225A6E26F0091CE89 /* Sources */,
				EB497C4325A6E26F0091CE89 /* Frameworks */,
				EB497C4425A6E26F0091CE89 /* Resources */,
			);
			buildRules = (
			);
			dependencies = (
				EB497C4825A6E26F0091CE89 /* PBXTargetDependency */,
			);
			name = "Tests iOS";
			productName = "Tests iOS";
			productReference = EB497C4625A6E26F0091CE89 /* Tests iOS.xctest */;
			productType = "com.apple.product-type.bundle.ui-testing";
		};
		EB497C5025A6E26F0091CE89 /* Tests macOS */ = {
			isa = PBXNativeTarget;
			buildConfigurationList = EB497C6925A6E26F0091CE89 /* Build configuration list for PBXNativeTarget "Tests macOS" */;
			buildPhases = (
				EB497C4D25A6E26F0091CE89 /* Sources */,
				EB497C4E25A6E26F0091CE89 /* Frameworks */,
				EB497C4F25A6E26F0091CE89 /* Resources */,
			);
			buildRules = (
			);
			dependencies = (
				EB497C5325A6E26F0091CE89 /* PBXTargetDependency */,
			);
			name = "Tests macOS";
			productName = "Tests macOS";
			productReference = EB497C5125A6E26F0091CE89 /* Tests macOS.xctest */;
			productType = "com.apple.product-type.bundle.ui-testing";
		};
/* End PBXNativeTarget section */

/* Begin PBXProject section */
		EB497C2A25A6E26E0091CE89 /* Project object */ = {
			isa = PBXProject;
			attributes = {
				LastSwiftUpdateCheck = 1230;
				LastUpgradeCheck = 1230;
				TargetAttributes = {
					EB497C3525A6E26F0091CE89 = {
						CreatedOnToolsVersion = 12.3;
					};
					EB497C3D25A6E26F0091CE89 = {
						CreatedOnToolsVersion = 12.3;
					};
					EB497C4525A6E26F0091CE89 = {
						CreatedOnToolsVersion = 12.3;
						TestTargetID = EB497C3525A6E26F0091CE89;
					};
					EB497C5025A6E26F0091CE89 = {
						CreatedOnToolsVersion = 12.3;
						TestTargetID = EB497C3D25A6E26F0091CE89;
					};
				};
			};
			buildConfigurationList = EB497C2D25A6E26E0091CE89 /* Build configuration list for PBXProject "Dots" */;
			compatibilityVersion = "Xcode 9.3";
			developmentRegion = en;
			hasScannedForEncodings = 0;
			knownRegions = (
				en,
				Base,
			);
			mainGroup = EB497C2925A6E26E0091CE89;
			productRefGroup = EB497C3725A6E26F0091CE89 /* Products */;
			projectDirPath = "";
			projectRoot = "";
			targets = (
				EB497C3525A6E26F0091CE89 /* Dots (iOS) */,
				EB497C3D25A6E26F0091CE89 /* Dots (macOS) */,
				EB497C4525A6E26F0091CE89 /* Tests iOS */,
				EB497C5025A6E26F0091CE89 /* Tests macOS */,
			);
		};
/* End PBXProject section */

/* Begin PBXResourcesBuildPhase section */
		EB497C3425A6E26F0091CE89 /* Resources */ = {
			isa = PBXResourcesBuildPhase;
			buildActionMask = 2147483647;
			files = (
				EB497C5C25A6E26F0091CE89 /* Assets.xcassets in Resources */,
			);
			runOnlyForDeploymentPostprocessing = 0;
		};
		EB497C3C25A6E26F0091CE89 /* Resources */ = {
			isa = PBXResourcesBuildPhase;
			buildActionMask = 2147483647;
			files = (
				EB497C5D25A6E26F0091CE89 /* Assets.xcassets in Resources */,
			);
			runOnlyForDeploymentPostprocessing = 0;
		};
		EB497C4425A6E26F0091CE89 /* Resources */ = {
			isa = PBXResourcesBuildPhase;
			buildActionMask = 2147483647;
			files = (
			);
			runOnlyForDeploymentPostprocessing = 0;
		};
		EB497C4F25A6E26F0091CE89 /* Resources */ = {
			isa = PBXResourcesBuildPhase;
			buildActionMask = 2147483647;
			files = (
			);
			runOnlyForDeploymentPostprocessing = 0;
		};
/* End PBXResourcesBuildPhase section */

/* Begin PBXSourcesBuildPhase section */
		EB497C3225A6E26F0091CE89 /* Sources */ = {
			isa = PBXSourcesBuildPhase;
			buildActionMask = 2147483647;
			files = (
				EBE28D7B25A7BFCC00B893C3 /* DotView.swift in Sources */,
				EB497C5A25A6E26F0091CE89 /* ContentView.swift in Sources */,
				EB497C5825A6E26F0091CE89 /* DotsApp.swift in Sources */,
				EBB433B425A8EC630047C940 /* SingleReceipt.swift in Sources */,
				EBE28D8625A84A6500B893C3 /* SingleReceiptView.swift in Sources */,
			);
			runOnlyForDeploymentPostprocessing = 0;
		};
		EB497C3A25A6E26F0091CE89 /* Sources */ = {
			isa = PBXSourcesBuildPhase;
			buildActionMask = 2147483647;
			files = (
				EBE28D7C25A7BFCC00B893C3 /* DotView.swift in Sources */,
				EB497C5B25A6E26F0091CE89 /* ContentView.swift in Sources */,
				EB497C5925A6E26F0091CE89 /* DotsApp.swift in Sources */,
				EBB433B525A8EC630047C940 /* SingleReceipt.swift in Sources */,
				EBE28D8725A84A6500B893C3 /* SingleReceiptView.swift in Sources */,
			);
			runOnlyForDeploymentPostprocessing = 0;
		};
		EB497C4225A6E26F0091CE89 /* Sources */ = {
			isa = PBXSourcesBuildPhase;
			buildActionMask = 2147483647;
			files = (
				EB497C4B25A6E26F0091CE89 /* Tests_iOS.swift in Sources */,
			);
			runOnlyForDeploymentPostprocessing = 0;
		};
		EB497C4D25A6E26F0091CE89 /* Sources */ = {
			isa = PBXSourcesBuildPhase;
			buildActionMask = 2147483647;
			files = (
				EB497C5625A6E26F0091CE89 /* Tests_macOS.swift in Sources */,
			);
			runOnlyForDeploymentPostprocessing = 0;
		};
/* End PBXSourcesBuildPhase section */

/* Begin PBXTargetDependency section */
		EB497C4825A6E26F0091CE89 /* PBXTargetDependency */ = {
			isa = PBXTargetDependency;
			target = EB497C3525A6E26F0091CE89 /* Dots (iOS) */;
			targetProxy = EB497C4725A6E26F0091CE89 /* PBXContainerItemProxy */;
		};
		EB497C5325A6E26F0091CE89 /* PBXTargetDependency */ = {
			isa = PBXTargetDependency;
			target = EB497C3D25A6E26F0091CE89 /* Dots (macOS) */;
			targetProxy = EB497C5225A6E26F0091CE89 /* PBXContainerItemProxy */;
		};
/* End PBXTargetDependency section */

/* Begin XCBuildConfiguration section */
		EB497C5E25A6E26F0091CE89 /* Debug */ = {
			isa = XCBuildConfiguration;
			buildSettings = {
				ALWAYS_SEARCH_USER_PATHS = NO;
				CLANG_ANALYZER_NONNULL = YES;
				CLANG_ANALYZER_NUMBER_OBJECT_CONVERSION = YES_AGGRESSIVE;
				CLANG_CXX_LANGUAGE_STANDARD = "gnu++14";
				CLANG_CXX_LIBRARY = "libc++";
				CLANG_ENABLE_MODULES = YES;
				CLANG_ENABLE_OBJC_ARC = YES;
				CLANG_ENABLE_OBJC_WEAK = YES;
				CLANG_WARN_BLOCK_CAPTURE_AUTORELEASING = YES;
				CLANG_WARN_BOOL_CONVERSION = YES;
				CLANG_WARN_COMMA = YES;
				CLANG_WARN_CONSTANT_CONVERSION = YES;
				CLANG_WARN_DEPRECATED_OBJC_IMPLEMENTATIONS = YES;
				CLANG_WARN_DIRECT_OBJC_ISA_USAGE = YES_ERROR;
				CLANG_WARN_DOCUMENTATION_COMMENTS = YES;
				CLANG_WARN_EMPTY_BODY = YES;
				CLANG_WARN_ENUM_CONVERSION = YES;
				CLANG_WARN_INFINITE_RECURSION = YES;
				CLANG_WARN_INT_CONVERSION = YES;
				CLANG_WARN_NON_LITERAL_NULL_CONVERSION = YES;
				CLANG_WARN_OBJC_IMPLICIT_RETAIN_SELF = YES;
				CLANG_WARN_OBJC_LITERAL_CONVERSION = YES;
				CLANG_WARN_OBJC_ROOT_CLASS = YES_ERROR;
				CLANG_WARN_QUOTED_INCLUDE_IN_FRAMEWORK_HEADER = YES;
				CLANG_WARN_RANGE_LOOP_ANALYSIS = YES;
				CLANG_WARN_STRICT_PROTOTYPES = YES;
				CLANG_WARN_SUSPICIOUS_MOVE = YES;
				CLANG_WARN_UNGUARDED_AVAILABILITY = YES_AGGRESSIVE;
				CLANG_WARN_UNREACHABLE_CODE = YES;
				CLANG_WARN__DUPLICATE_METHOD_MATCH = YES;
				COPY_PHASE_STRIP = NO;
				DEBUG_INFORMATION_FORMAT = dwarf;
				ENABLE_STRICT_OBJC_MSGSEND = YES;
				ENABLE_TESTABILITY = YES;
				GCC_C_LANGUAGE_STANDARD = gnu11;
				GCC_DYNAMIC_NO_PIC = NO;
				GCC_NO_COMMON_BLOCKS = YES;
				GCC_OPTIMIZATION_LEVEL = 0;
				GCC_PREPROCESSOR_DEFINITIONS = (
					"DEBUG=1",
					"$(inherited)",
				);
				GCC_WARN_64_TO_32_BIT_CONVERSION = YES;
				GCC_WARN_ABOUT_RETURN_TYPE = YES_ERROR;
				GCC_WARN_UNDECLARED_SELECTOR = YES;
				GCC_WARN_UNINITIALIZED_AUTOS = YES_AGGRESSIVE;
				GCC_WARN_UNUSED_FUNCTION = YES;
				GCC_WARN_UNUSED_VARIABLE = YES;
				MTL_ENABLE_DEBUG_INFO = INCLUDE_SOURCE;
				MTL_FAST_MATH = YES;
				ONLY_ACTIVE_ARCH = YES;
				SWIFT_ACTIVE_COMPILATION_CONDITIONS = DEBUG;
				SWIFT_OPTIMIZATION_LEVEL = "-Onone";
			};
			name = Debug;
		};
		EB497C5F25A6E26F0091CE89 /* Release */ = {
			isa = XCBuildConfiguration;
			buildSettings = {
				ALWAYS_SEARCH_USER_PATHS = NO;
				CLANG_ANALYZER_NONNULL = YES;
				CLANG_ANALYZER_NUMBER_OBJECT_CONVERSION = YES_AGGRESSIVE;
				CLANG_CXX_LANGUAGE_STANDARD = "gnu++14";
				CLANG_CXX_LIBRARY = "libc++";
				CLANG_ENABLE_MODULES = YES;
				CLANG_ENABLE_OBJC_ARC = YES;
				CLANG_ENABLE_OBJC_WEAK = YES;
				CLANG_WARN_BLOCK_CAPTURE_AUTORELEASING = YES;
				CLANG_WARN_BOOL_CONVERSION = YES;
				CLANG_WARN_COMMA = YES;
				CLANG_WARN_CONSTANT_CONVERSION = YES;
				CLANG_WARN_DEPRECATED_OBJC_IMPLEMENTATIONS = YES;
				CLANG_WARN_DIRECT_OBJC_ISA_USAGE = YES_ERROR;
				CLANG_WARN_DOCUMENTATION_COMMENTS = YES;
				CLANG_WARN_EMPTY_BODY = YES;
				CLANG_WARN_ENUM_CONVERSION = YES;
				CLANG_WARN_INFINITE_RECURSION = YES;
				CLANG_WARN_INT_CONVERSION = YES;
				CLANG_WARN_NON_LITERAL_NULL_CONVERSION = YES;
				CLANG_WARN_OBJC_IMPLICIT_RETAIN_SELF = YES;
				CLANG_WARN_OBJC_LITERAL_CONVERSION = YES;
				CLANG_WARN_OBJC_ROOT_CLASS = YES_ERROR;
				CLANG_WARN_QUOTED_INCLUDE_IN_FRAMEWORK_HEADER = YES;
				CLANG_WARN_RANGE_LOOP_ANALYSIS = YES;
				CLANG_WARN_STRICT_PROTOTYPES = YES;
				CLANG_WARN_SUSPICIOUS_MOVE = YES;
				CLANG_WARN_UNGUARDED_AVAILABILITY = YES_AGGRESSIVE;
				CLANG_WARN_UNREACHABLE_CODE = YES;
				CLANG_WARN__DUPLICATE_METHOD_MATCH = YES;
				COPY_PHASE_STRIP = NO;
				DEBUG_INFORMATION_FORMAT = "dwarf-with-dsym";
				ENABLE_NS_ASSERTIONS = NO;
				ENABLE_STRICT_OBJC_MSGSEND = YES;
				GCC_C_LANGUAGE_STANDARD = gnu11;
				GCC_NO_COMMON_BLOCKS = YES;
				GCC_WARN_64_TO_32_BIT_CONVERSION = YES;
				GCC_WARN_ABOUT_RETURN_TYPE = YES_ERROR;
				GCC_WARN_UNDECLARED_SELECTOR = YES;
				GCC_WARN_UNINITIALIZED_AUTOS = YES_AGGRESSIVE;
				GCC_WARN_UNUSED_FUNCTION = YES;
				GCC_WARN_UNUSED_VARIABLE = YES;
				MTL_ENABLE_DEBUG_INFO = NO;
				MTL_FAST_MATH = YES;
				SWIFT_COMPILATION_MODE = wholemodule;
				SWIFT_OPTIMIZATION_LEVEL = "-O";
			};
			name = Release;
		};
		EB497C6125A6E26F0091CE89 /* Debug */ = {
			isa = XCBuildConfiguration;
			buildSettings = {
				ASSETCATALOG_COMPILER_APPICON_NAME = AppIcon;
				ASSETCATALOG_COMPILER_GLOBAL_ACCENT_COLOR_NAME = AccentColor;
				CODE_SIGN_STYLE = Automatic;
				DEVELOPMENT_TEAM = SH9D54TH3N;
				ENABLE_PREVIEWS = YES;
				INFOPLIST_FILE = iOS/Info.plist;
				IPHONEOS_DEPLOYMENT_TARGET = 14.0;
				LD_RUNPATH_SEARCH_PATHS = (
					"$(inherited)",
					"@executable_path/Frameworks",
				);
				PRODUCT_BUNDLE_IDENTIFIER = "ucla-cs130.Dots";
				PRODUCT_NAME = Dots;
				SDKROOT = iphoneos;
				SWIFT_VERSION = 5.0;
				TARGETED_DEVICE_FAMILY = "1,2";
			};
			name = Debug;
		};
		EB497C6225A6E26F0091CE89 /* Release */ = {
			isa = XCBuildConfiguration;
			buildSettings = {
				ASSETCATALOG_COMPILER_APPICON_NAME = AppIcon;
				ASSETCATALOG_COMPILER_GLOBAL_ACCENT_COLOR_NAME = AccentColor;
				CODE_SIGN_STYLE = Automatic;
				DEVELOPMENT_TEAM = SH9D54TH3N;
				ENABLE_PREVIEWS = YES;
				INFOPLIST_FILE = iOS/Info.plist;
				IPHONEOS_DEPLOYMENT_TARGET = 14.0;
				LD_RUNPATH_SEARCH_PATHS = (
					"$(inherited)",
					"@executable_path/Frameworks",
				);
				PRODUCT_BUNDLE_IDENTIFIER = "ucla-cs130.Dots";
				PRODUCT_NAME = Dots;
				SDKROOT = iphoneos;
				SWIFT_VERSION = 5.0;
				TARGETED_DEVICE_FAMILY = "1,2";
				VALIDATE_PRODUCT = YES;
			};
			name = Release;
		};
		EB497C6425A6E26F0091CE89 /* Debug */ = {
			isa = XCBuildConfiguration;
			buildSettings = {
				ASSETCATALOG_COMPILER_APPICON_NAME = AppIcon;
				ASSETCATALOG_COMPILER_GLOBAL_ACCENT_COLOR_NAME = AccentColor;
				CODE_SIGN_ENTITLEMENTS = macOS/macOS.entitlements;
				CODE_SIGN_STYLE = Automatic;
				COMBINE_HIDPI_IMAGES = YES;
				DEVELOPMENT_TEAM = SH9D54TH3N;
				ENABLE_HARDENED_RUNTIME = YES;
				ENABLE_PREVIEWS = YES;
				INFOPLIST_FILE = macOS/Info.plist;
				LD_RUNPATH_SEARCH_PATHS = (
					"$(inherited)",
					"@executable_path/../Frameworks",
				);
				MACOSX_DEPLOYMENT_TARGET = 11.0;
				PRODUCT_BUNDLE_IDENTIFIER = "ucla-cs130.Dots";
				PRODUCT_NAME = Dots;
				SDKROOT = macosx;
				SWIFT_VERSION = 5.0;
			};
			name = Debug;
		};
		EB497C6525A6E26F0091CE89 /* Release */ = {
			isa = XCBuildConfiguration;
			buildSettings = {
				ASSETCATALOG_COMPILER_APPICON_NAME = AppIcon;
				ASSETCATALOG_COMPILER_GLOBAL_ACCENT_COLOR_NAME = AccentColor;
				CODE_SIGN_ENTITLEMENTS = macOS/macOS.entitlements;
				CODE_SIGN_STYLE = Automatic;
				COMBINE_HIDPI_IMAGES = YES;
				DEVELOPMENT_TEAM = SH9D54TH3N;
				ENABLE_HARDENED_RUNTIME = YES;
				ENABLE_PREVIEWS = YES;
				INFOPLIST_FILE = macOS/Info.plist;
				LD_RUNPATH_SEARCH_PATHS = (
					"$(inherited)",
					"@executable_path/../Frameworks",
				);
				MACOSX_DEPLOYMENT_TARGET = 11.0;
				PRODUCT_BUNDLE_IDENTIFIER = "ucla-cs130.Dots";
				PRODUCT_NAME = Dots;
				SDKROOT = macosx;
				SWIFT_VERSION = 5.0;
			};
			name = Release;
		};
		EB497C6725A6E26F0091CE89 /* Debug */ = {
			isa = XCBuildConfiguration;
			buildSettings = {
				ALWAYS_EMBED_SWIFT_STANDARD_LIBRARIES = YES;
				CODE_SIGN_STYLE = Automatic;
				DEVELOPMENT_TEAM = SH9D54TH3N;
				INFOPLIST_FILE = "Tests iOS/Info.plist";
				IPHONEOS_DEPLOYMENT_TARGET = 14.3;
				LD_RUNPATH_SEARCH_PATHS = (
					"$(inherited)",
					"@executable_path/Frameworks",
					"@loader_path/Frameworks",
				);
				PRODUCT_BUNDLE_IDENTIFIER = "ucla-cs130.Tests-iOS";
				PRODUCT_NAME = "$(TARGET_NAME)";
				SDKROOT = iphoneos;
				SWIFT_VERSION = 5.0;
				TARGETED_DEVICE_FAMILY = "1,2";
				TEST_TARGET_NAME = "Dots (iOS)";
			};
			name = Debug;
		};
		EB497C6825A6E26F0091CE89 /* Release */ = {
			isa = XCBuildConfiguration;
			buildSettings = {
				ALWAYS_EMBED_SWIFT_STANDARD_LIBRARIES = YES;
				CODE_SIGN_STYLE = Automatic;
				DEVELOPMENT_TEAM = SH9D54TH3N;
				INFOPLIST_FILE = "Tests iOS/Info.plist";
				IPHONEOS_DEPLOYMENT_TARGET = 14.3;
				LD_RUNPATH_SEARCH_PATHS = (
					"$(inherited)",
					"@executable_path/Frameworks",
					"@loader_path/Frameworks",
				);
				PRODUCT_BUNDLE_IDENTIFIER = "ucla-cs130.Tests-iOS";
				PRODUCT_NAME = "$(TARGET_NAME)";
				SDKROOT = iphoneos;
				SWIFT_VERSION = 5.0;
				TARGETED_DEVICE_FAMILY = "1,2";
				TEST_TARGET_NAME = "Dots (iOS)";
				VALIDATE_PRODUCT = YES;
			};
			name = Release;
		};
		EB497C6A25A6E26F0091CE89 /* Debug */ = {
			isa = XCBuildConfiguration;
			buildSettings = {
				ALWAYS_EMBED_SWIFT_STANDARD_LIBRARIES = YES;
				CODE_SIGN_STYLE = Automatic;
				COMBINE_HIDPI_IMAGES = YES;
				DEVELOPMENT_TEAM = SH9D54TH3N;
				INFOPLIST_FILE = "Tests macOS/Info.plist";
				LD_RUNPATH_SEARCH_PATHS = (
					"$(inherited)",
					"@executable_path/../Frameworks",
					"@loader_path/../Frameworks",
				);
				MACOSX_DEPLOYMENT_TARGET = 11.1;
				PRODUCT_BUNDLE_IDENTIFIER = "ucla-cs130.Tests-macOS";
				PRODUCT_NAME = "$(TARGET_NAME)";
				SDKROOT = macosx;
				SWIFT_VERSION = 5.0;
				TEST_TARGET_NAME = "Dots (macOS)";
			};
			name = Debug;
		};
		EB497C6B25A6E26F0091CE89 /* Release */ = {
			isa = XCBuildConfiguration;
			buildSettings = {
				ALWAYS_EMBED_SWIFT_STANDARD_LIBRARIES = YES;
				CODE_SIGN_STYLE = Automatic;
				COMBINE_HIDPI_IMAGES = YES;
				DEVELOPMENT_TEAM = SH9D54TH3N;
				INFOPLIST_FILE = "Tests macOS/Info.plist";
				LD_RUNPATH_SEARCH_PATHS = (
					"$(inherited)",
					"@executable_path/../Frameworks",
					"@loader_path/../Frameworks",
				);
				MACOSX_DEPLOYMENT_TARGET = 11.1;
				PRODUCT_BUNDLE_IDENTIFIER = "ucla-cs130.Tests-macOS";
				PRODUCT_NAME = "$(TARGET_NAME)";
				SDKROOT = macosx;
				SWIFT_VERSION = 5.0;
				TEST_TARGET_NAME = "Dots (macOS)";
			};
			name = Release;
		};
/* End XCBuildConfiguration section */

/* Begin XCConfigurationList section */
		EB497C2D25A6E26E0091CE89 /* Build configuration list for PBXProject "Dots" */ = {
			isa = XCConfigurationList;
			buildConfigurations = (
				EB497C5E25A6E26F0091CE89 /* Debug */,
				EB497C5F25A6E26F0091CE89 /* Release */,
			);
			defaultConfigurationIsVisible = 0;
			defaultConfigurationName = Release;
		};
		EB497C6025A6E26F0091CE89 /* Build configuration list for PBXNativeTarget "Dots (iOS)" */ = {
			isa = XCConfigurationList;
			buildConfigurations = (
				EB497C6125A6E26F0091CE89 /* Debug */,
				EB497C6225A6E26F0091CE89 /* Release */,
			);
			defaultConfigurationIsVisible = 0;
			defaultConfigurationName = Release;
		};
		EB497C6325A6E26F0091CE89 /* Build configuration list for PBXNativeTarget "Dots (macOS)" */ = {
			isa = XCConfigurationList;
			buildConfigurations = (
				EB497C6425A6E26F0091CE89 /* Debug */,
				EB497C6525A6E26F0091CE89 /* Release */,
			);
			defaultConfigurationIsVisible = 0;
			defaultConfigurationName = Release;
		};
		EB497C6625A6E26F0091CE89 /* Build configuration list for PBXNativeTarget "Tests iOS" */ = {
			isa = XCConfigurationList;
			buildConfigurations = (
				EB497C6725A6E26F0091CE89 /* Debug */,
				EB497C6825A6E26F0091CE89 /* Release */,
			);
			defaultConfigurationIsVisible = 0;
			defaultConfigurationName = Release;
		};
		EB497C6925A6E26F0091CE89 /* Build configuration list for PBXNativeTarget "Tests macOS" */ = {
			isa = XCConfigurationList;
			buildConfigurations = (
				EB497C6A25A6E26F0091CE89 /* Debug */,
				EB497C6B25A6E26F0091CE89 /* Release */,
			);
			defaultConfigurationIsVisible = 0;
			defaultConfigurationName = Release;
		};
/* End XCConfigurationList section */
	};
	rootObject = EB497C2A25A6E26E0091CE89 /* Project object */;
}
